// !$*UTF8*$!
{
	archiveVersion = 1;
	classes = {
	};
	objectVersion = 50;
	objects = {

/* Begin PBXBuildFile section */
		BE18B3F0237DE54B00731CAB /* AppDelegate.swift in Sources */ = {isa = PBXBuildFile; fileRef = BE18B3EF237DE54B00731CAB /* AppDelegate.swift */; };
		BE18B3F2237DE54B00731CAB /* SceneDelegate.swift in Sources */ = {isa = PBXBuildFile; fileRef = BE18B3F1237DE54B00731CAB /* SceneDelegate.swift */; };
		BE18B3F4237DE54B00731CAB /* ViewController.swift in Sources */ = {isa = PBXBuildFile; fileRef = BE18B3F3237DE54B00731CAB /* ViewController.swift */; };
		BE18B3F7237DE54B00731CAB /* Main.storyboard in Resources */ = {isa = PBXBuildFile; fileRef = BE18B3F5237DE54B00731CAB /* Main.storyboard */; };
		BE18B3F9237DE54D00731CAB /* Assets.xcassets in Resources */ = {isa = PBXBuildFile; fileRef = BE18B3F8237DE54D00731CAB /* Assets.xcassets */; };
		BE18B3FC237DE54D00731CAB /* LaunchScreen.storyboard in Resources */ = {isa = PBXBuildFile; fileRef = BE18B3FA237DE54D00731CAB /* LaunchScreen.storyboard */; };
		BE18B404237DEC5F00731CAB /* Workspace.swift in Sources */ = {isa = PBXBuildFile; fileRef = BE18B403237DEC5F00731CAB /* Workspace.swift */; };
/* End PBXBuildFile section */

/* Begin PBXFileReference section */
		BE18B3EC237DE54B00731CAB /* T-Shirt Prototype.app */ = {isa = PBXFileReference; explicitFileType = wrapper.application; includeInIndex = 0; path = "T-Shirt Prototype.app"; sourceTree = BUILT_PRODUCTS_DIR; };
		BE18B3EF237DE54B00731CAB /* AppDelegate.swift */ = {isa = PBXFileReference; lastKnownFileType = sourcecode.swift; path = AppDelegate.swift; sourceTree = "<group>"; };
		BE18B3F1237DE54B00731CAB /* SceneDelegate.swift */ = {isa = PBXFileReference; lastKnownFileType = sourcecode.swift; path = SceneDelegate.swift; sourceTree = "<group>"; };
		BE18B3F3237DE54B00731CAB /* ViewController.swift */ = {isa = PBXFileReference; lastKnownFileType = sourcecode.swift; path = ViewController.swift; sourceTree = "<group>"; };
		BE18B3F6237DE54B00731CAB /* Base */ = {isa = PBXFileReference; lastKnownFileType = file.storyboard; name = Base; path = Base.lproj/Main.storyboard; sourceTree = "<group>"; };
		BE18B3F8237DE54D00731CAB /* Assets.xcassets */ = {isa = PBXFileReference; lastKnownFileType = folder.assetcatalog; path = Assets.xcassets; sourceTree = "<group>"; };
		BE18B3FB237DE54D00731CAB /* Base */ = {isa = PBXFileReference; lastKnownFileType = file.storyboard; name = Base; path = Base.lproj/LaunchScreen.storyboard; sourceTree = "<group>"; };
		BE18B3FD237DE54D00731CAB /* Info.plist */ = {isa = PBXFileReference; lastKnownFileType = text.plist.xml; path = Info.plist; sourceTree = "<group>"; };
		BE18B403237DEC5F00731CAB /* Workspace.swift */ = {isa = PBXFileReference; lastKnownFileType = sourcecode.swift; path = Workspace.swift; sourceTree = "<group>"; };
/* End PBXFileReference section */

/* Begin PBXFrameworksBuildPhase section */
		BE18B3E9237DE54B00731CAB /* Frameworks */ = {
			isa = PBXFrameworksBuildPhase;
			buildActionMask = 2147483647;
			files = (
			);
			runOnlyForDeploymentPostprocessing = 0;
		};
/* End PBXFrameworksBuildPhase section */

/* Begin PBXGroup section */
		BE18B3E3237DE54B00731CAB = {
			isa = PBXGroup;
			children = (
				BE18B3EE237DE54B00731CAB /* T-Shirt Prototype */,
				BE18B3ED237DE54B00731CAB /* Products */,
			);
			sourceTree = "<group>";
		};
		BE18B3ED237DE54B00731CAB /* Products */ = {
			isa = PBXGroup;
			children = (
				BE18B3EC237DE54B00731CAB /* T-Shirt Prototype.app */,
			);
			name = Products;
			sourceTree = "<group>";
		};
		BE18B3EE237DE54B00731CAB /* T-Shirt Prototype */ = {
			isa = PBXGroup;
			children = (
				BE18B3EF237DE54B00731CAB /* AppDelegate.swift */,
				BE18B3F1237DE54B00731CAB /* SceneDelegate.swift */,
				BE18B3F3237DE54B00731CAB /* ViewController.swift */,
				BE18B3F5237DE54B00731CAB /* Main.storyboard */,
				BE18B403237DEC5F00731CAB /* Workspace.swift */,
				BE18B3F8237DE54D00731CAB /* Assets.xcassets */,
				BE18B3FA237DE54D00731CAB /* LaunchScreen.storyboard */,
				BE18B3FD237DE54D00731CAB /* Info.plist */,
			);
			path = "T-Shirt Prototype";
			sourceTree = "<group>";
		};
/* End PBXGroup section */

/* Begin PBXNativeTarget section */
		BE18B3EB237DE54B00731CAB /* T-Shirt Prototype */ = {
			isa = PBXNativeTarget;
			buildConfigurationList = BE18B400237DE54D00731CAB /* Build configuration list for PBXNativeTarget "T-Shirt Prototype" */;
			buildPhases = (
				BE18B3E8237DE54B00731CAB /* Sources */,
				BE18B3E9237DE54B00731CAB /* Frameworks */,
				BE18B3EA237DE54B00731CAB /* Resources */,
			);
			buildRules = (
			);
			dependencies = (
			);
			name = "T-Shirt Prototype";
			productName = "T-Shirt Prototype";
			productReference = BE18B3EC237DE54B00731CAB /* T-Shirt Prototype.app */;
			productType = "com.apple.product-type.application";
		};
/* End PBXNativeTarget section */

/* Begin PBXProject section */
		BE18B3E4237DE54B00731CAB /* Project object */ = {
			isa = PBXProject;
			attributes = {
				LastSwiftUpdateCheck = 1110;
				LastUpgradeCheck = 1110;
				ORGANIZATIONNAME = "John Hersey High School";
				TargetAttributes = {
					BE18B3EB237DE54B00731CAB = {
						CreatedOnToolsVersion = 11.1;
					};
				};
			};
			buildConfigurationList = BE18B3E7237DE54B00731CAB /* Build configuration list for PBXProject "T-Shirt Prototype" */;
			compatibilityVersion = "Xcode 9.3";
			developmentRegion = en;
			hasScannedForEncodings = 0;
			knownRegions = (
				en,
				Base,
			);
			mainGroup = BE18B3E3237DE54B00731CAB;
			productRefGroup = BE18B3ED237DE54B00731CAB /* Products */;
			projectDirPath = "";
			projectRoot = "";
			targets = (
				BE18B3EB237DE54B00731CAB /* T-Shirt Prototype */,
			);
		};
/* End PBXProject section */

/* Begin PBXResourcesBuildPhase section */
		BE18B3EA237DE54B00731CAB /* Resources */ = {
			isa = PBXResourcesBuildPhase;
			buildActionMask = 2147483647;
			files = (
				BE18B3FC237DE54D00731CAB /* LaunchScreen.storyboard in Resources */,
				BE18B3F9237DE54D00731CAB /* Assets.xcassets in Resources */,
				BE18B3F7237DE54B00731CAB /* Main.storyboard in Resources */,
			);
			runOnlyForDeploymentPostprocessing = 0;
		};
/* End PBXResourcesBuildPhase section */

/* Begin PBXSourcesBuildPhase section */
		BE18B3E8237DE54B00731CAB /* Sources */ = {
			isa = PBXSourcesBuildPhase;
			buildActionMask = 2147483647;
			files = (
				BE18B3F4237DE54B00731CAB /* ViewController.swift in Sources */,
				BE18B404237DEC5F00731CAB /* Workspace.swift in Sources */,
				BE18B3F0237DE54B00731CAB /* AppDelegate.swift in Sources */,
				BE18B3F2237DE54B00731CAB /* SceneDelegate.swift in Sources */,
			);
			runOnlyForDeploymentPostprocessing = 0;
		};
/* End PBXSourcesBuildPhase section */

/* Begin PBXVariantGroup section */
		BE18B3F5237DE54B00731CAB /* Main.storyboard */ = {
			isa = PBXVariantGroup;
			children = (
				BE18B3F6237DE54B00731CAB /* Base */,
			);
			name = Main.storyboard;
			sourceTree = "<group>";
		};
		BE18B3FA237DE54D00731CAB /* LaunchScreen.storyboard */ = {
			isa = PBXVariantGroup;
			children = (
				BE18B3FB237DE54D00731CAB /* Base */,
			);
			name = LaunchScreen.storyboard;
			sourceTree = "<group>";
		};
/* End PBXVariantGroup section */

/* Begin XCBuildConfiguration section */
		BE18B3FE237DE54D00731CAB /* Debug */ = {
			isa = XCBuildConfiguration;
			buildSettings = {
				ALWAYS_SEARCH_USER_PATHS = NO;
				CLANG_ANALYZER_NONNULL = YES;
				CLANG_ANALYZER_NUMBER_OBJECT_CONVERSION = YES_AGGRESSIVE;
				CLANG_CXX_LANGUAGE_STANDARD = "gnu++14";
				CLANG_CXX_LIBRARY = "libc++";
				CLANG_ENABLE_MODULES = YES;
				CLANG_ENABLE_OBJC_ARC = YES;
				CLANG_ENABLE_OBJC_WEAK = YES;
				CLANG_WARN_BLOCK_CAPTURE_AUTORELEASING = YES;
				CLANG_WARN_BOOL_CONVERSION = YES;
				CLANG_WARN_COMMA = YES;
				CLANG_WARN_CONSTANT_CONVERSION = YES;
				CLANG_WARN_DEPRECATED_OBJC_IMPLEMENTATIONS = YES;
				CLANG_WARN_DIRECT_OBJC_ISA_USAGE = YES_ERROR;
				CLANG_WARN_DOCUMENTATION_COMMENTS = YES;
				CLANG_WARN_EMPTY_BODY = YES;
				CLANG_WARN_ENUM_CONVERSION = YES;
				CLANG_WARN_INFINITE_RECURSION = YES;
				CLANG_WARN_INT_CONVERSION = YES;
				CLANG_WARN_NON_LITERAL_NULL_CONVERSION = YES;
				CLANG_WARN_OBJC_IMPLICIT_RETAIN_SELF = YES;
				CLANG_WARN_OBJC_LITERAL_CONVERSION = YES;
				CLANG_WARN_OBJC_ROOT_CLASS = YES_ERROR;
				CLANG_WARN_RANGE_LOOP_ANALYSIS = YES;
				CLANG_WARN_STRICT_PROTOTYPES = YES;
				CLANG_WARN_SUSPICIOUS_MOVE = YES;
				CLANG_WARN_UNGUARDED_AVAILABILITY = YES_AGGRESSIVE;
				CLANG_WARN_UNREACHABLE_CODE = YES;
				CLANG_WARN__DUPLICATE_METHOD_MATCH = YES;
				COPY_PHASE_STRIP = NO;
				DEBUG_INFORMATION_FORMAT = dwarf;
				ENABLE_STRICT_OBJC_MSGSEND = YES;
				ENABLE_TESTABILITY = YES;
				GCC_C_LANGUAGE_STANDARD = gnu11;
				GCC_DYNAMIC_NO_PIC = NO;
				GCC_NO_COMMON_BLOCKS = YES;
				GCC_OPTIMIZATION_LEVEL = 0;
				GCC_PREPROCESSOR_DEFINITIONS = (
					"DEBUG=1",
					"$(inherited)",
				);
				GCC_WARN_64_TO_32_BIT_CONVERSION = YES;
				GCC_WARN_ABOUT_RETURN_TYPE = YES_ERROR;
				GCC_WARN_UNDECLARED_SELECTOR = YES;
				GCC_WARN_UNINITIALIZED_AUTOS = YES_AGGRESSIVE;
				GCC_WARN_UNUSED_FUNCTION = YES;
				GCC_WARN_UNUSED_VARIABLE = YES;
				IPHONEOS_DEPLOYMENT_TARGET = 13.1;
				MTL_ENABLE_DEBUG_INFO = INCLUDE_SOURCE;
				MTL_FAST_MATH = YES;
				ONLY_ACTIVE_ARCH = YES;
				SDKROOT = iphoneos;
				SWIFT_ACTIVE_COMPILATION_CONDITIONS = DEBUG;
				SWIFT_OPTIMIZATION_LEVEL = "-Onone";
			};
			name = Debug;
		};
		BE18B3FF237DE54D00731CAB /* Release */ = {
			isa = XCBuildConfiguration;
			buildSettings = {
				ALWAYS_SEARCH_USER_PATHS = NO;
				CLANG_ANALYZER_NONNULL = YES;
				CLANG_ANALYZER_NUMBER_OBJECT_CONVERSION = YES_AGGRESSIVE;
				CLANG_CXX_LANGUAGE_STANDARD = "gnu++14";
				CLANG_CXX_LIBRARY = "libc++";
				CLANG_ENABLE_MODULES = YES;
				CLANG_ENABLE_OBJC_ARC = YES;
				CLANG_ENABLE_OBJC_WEAK = YES;
				CLANG_WARN_BLOCK_CAPTURE_AUTORELEASING = YES;
				CLANG_WARN_BOOL_CONVERSION = YES;
				CLANG_WARN_COMMA = YES;
				CLANG_WARN_CONSTANT_CONVERSION = YES;
				CLANG_WARN_DEPRECATED_OBJC_IMPLEMENTATIONS = YES;
				CLANG_WARN_DIRECT_OBJC_ISA_USAGE = YES_ERROR;
				CLANG_WARN_DOCUMENTATION_COMMENTS = YES;
				CLANG_WARN_EMPTY_BODY = YES;
				CLANG_WARN_ENUM_CONVERSION = YES;
				CLANG_WARN_INFINITE_RECURSION = YES;
				CLANG_WARN_INT_CONVERSION = YES;
				CLANG_WARN_NON_LITERAL_NULL_CONVERSION = YES;
				CLANG_WARN_OBJC_IMPLICIT_RETAIN_SELF = YES;
				CLANG_WARN_OBJC_LITERAL_CONVERSION = YES;
				CLANG_WARN_OBJC_ROOT_CLASS = YES_ERROR;
				CLANG_WARN_RANGE_LOOP_ANALYSIS = YES;
				CLANG_WARN_STRICT_PROTOTYPES = YES;
				CLANG_WARN_SUSPICIOUS_MOVE = YES;
				CLANG_WARN_UNGUARDED_AVAILABILITY = YES_AGGRESSIVE;
				CLANG_WARN_UNREACHABLE_CODE = YES;
				CLANG_WARN__DUPLICATE_METHOD_MATCH = YES;
				COPY_PHASE_STRIP = NO;
				DEBUG_INFORMATION_FORMAT = "dwarf-with-dsym";
				ENABLE_NS_ASSERTIONS = NO;
				ENABLE_STRICT_OBJC_MSGSEND = YES;
				GCC_C_LANGUAGE_STANDARD = gnu11;
				GCC_NO_COMMON_BLOCKS = YES;
				GCC_WARN_64_TO_32_BIT_CONVERSION = YES;
				GCC_WARN_ABOUT_RETURN_TYPE = YES_ERROR;
				GCC_WARN_UNDECLARED_SELECTOR = YES;
				GCC_WARN_UNINITIALIZED_AUTOS = YES_AGGRESSIVE;
				GCC_WARN_UNUSED_FUNCTION = YES;
				GCC_WARN_UNUSED_VARIABLE = YES;
				IPHONEOS_DEPLOYMENT_TARGET = 13.1;
				MTL_ENABLE_DEBUG_INFO = NO;
				MTL_FAST_MATH = YES;
				SDKROOT = iphoneos;
				SWIFT_COMPILATION_MODE = wholemodule;
				SWIFT_OPTIMIZATION_LEVEL = "-O";
				VALIDATE_PRODUCT = YES;
			};
			name = Release;
		};
		BE18B401237DE54D00731CAB /* Debug */ = {
			isa = XCBuildConfiguration;
			buildSettings = {
				ASSETCATALOG_COMPILER_APPICON_NAME = AppIcon;
				CODE_SIGN_STYLE = Automatic;
				INFOPLIST_FILE = "T-Shirt Prototype/Info.plist";
				LD_RUNPATH_SEARCH_PATHS = (
					"$(inherited)",
					"@executable_path/Frameworks",
				);
				PRODUCT_BUNDLE_IDENTIFIER = "org.d214.jhhs.620429.T-Shirt-Prototype";
				PRODUCT_NAME = "$(TARGET_NAME)";
				SWIFT_VERSION = 5.0;
				TARGETED_DEVICE_FAMILY = "1,2";
			};
			name = Debug;
		};
		BE18B402237DE54D00731CAB /* Release */ = {
			isa = XCBuildConfiguration;
			buildSettings = {
				ASSETCATALOG_COMPILER_APPICON_NAME = AppIcon;
				CODE_SIGN_STYLE = Automatic;
				INFOPLIST_FILE = "T-Shirt Prototype/Info.plist";
				LD_RUNPATH_SEARCH_PATHS = (
					"$(inherited)",
					"@executable_path/Frameworks",
				);
				PRODUCT_BUNDLE_IDENTIFIER = "org.d214.jhhs.620429.T-Shirt-Prototype";
				PRODUCT_NAME = "$(TARGET_NAME)";
				SWIFT_VERSION = 5.0;
				TARGETED_DEVICE_FAMILY = "1,2";
			};
			name = Release;
		};
/* End XCBuildConfiguration section */

/* Begin XCConfigurationList section */
		BE18B3E7237DE54B00731CAB /* Build configuration list for PBXProject "T-Shirt Prototype" */ = {
			isa = XCConfigurationList;
			buildConfigurations = (
				BE18B3FE237DE54D00731CAB /* Debug */,
				BE18B3FF237DE54D00731CAB /* Release */,
			);
			defaultConfigurationIsVisible = 0;
			defaultConfigurationName = Release;
		};
		BE18B400237DE54D00731CAB /* Build configuration list for PBXNativeTarget "T-Shirt Prototype" */ = {
			isa = XCConfigurationList;
			buildConfigurations = (
				BE18B401237DE54D00731CAB /* Debug */,
				BE18B402237DE54D00731CAB /* Release */,
			);
			defaultConfigurationIsVisible = 0;
			defaultConfigurationName = Release;
		};
/* End XCConfigurationList section */
	};
	rootObject = BE18B3E4237DE54B00731CAB /* Project object */;
}
